
Microsoft Visual Studio Solution File, Format Version 12.00
# Visual Studio Version 17
VisualStudioVersion = 17.6.33829.357
MinimumVisualStudioVersion = 10.0.40219.1
Project("{FAE04EC0-301F-11D3-BF4B-00C04F79EFBC}") = "FileUploadTaskAPI", "FileUploaTaskAPI\FileUploadTaskAPI.csproj", "{BBC2FF52-28F1-4837-AD77-BB9C7E50CFE7}"
EndProject
Project("{FAE04EC0-301F-11D3-BF4B-00C04F79EFBC}") = "DataAccessLayer", "DataAccessLayer\DataAccessLayer.csproj", "{ADBEE97C-8481-49A3-979F-89FE96008D7D}"
EndProject
Project("{FAE04EC0-301F-11D3-BF4B-00C04F79EFBC}") = "BussinessLayer", "BussinessLayer\BussinessLayer.csproj", "{9A0E62E9-01D6-466F-A5BD-795F0AC20C0C}"
EndProject
Global
	GlobalSection(SolutionConfigurationPlatforms) = preSolution
		Debug|Any CPU = Debug|Any CPU
		Release|Any CPU = Release|Any CPU
	EndGlobalSection
	GlobalSection(ProjectConfigurationPlatforms) = postSolution
		{BBC2FF52-28F1-4837-AD77-BB9C7E50CFE7}.Debug|Any CPU.ActiveCfg = Debug|Any CPU
		{BBC2FF52-28F1-4837-AD77-BB9C7E50CFE7}.Debug|Any CPU.Build.0 = Debug|Any CPU
		{BBC2FF52-28F1-4837-AD77-BB9C7E50CFE7}.Release|Any CPU.ActiveCfg = Release|Any CPU
		{BBC2FF52-28F1-4837-AD77-BB9C7E50CFE7}.Release|Any CPU.Build.0 = Release|Any CPU
		{ADBEE97C-8481-49A3-979F-89FE96008D7D}.Debug|Any CPU.ActiveCfg = Debug|Any CPU
		{ADBEE97C-8481-49A3-979F-89FE96008D7D}.Debug|Any CPU.Build.0 = Debug|Any CPU
		{ADBEE97C-8481-49A3-979F-89FE96008D7D}.Release|Any CPU.ActiveCfg = Release|Any CPU
		{ADBEE97C-8481-49A3-979F-89FE96008D7D}.Release|Any CPU.Build.0 = Release|Any CPU
		{9A0E62E9-01D6-466F-A5BD-795F0AC20C0C}.Debug|Any CPU.ActiveCfg = Debug|Any CPU
		{9A0E62E9-01D6-466F-A5BD-795F0AC20C0C}.Debug|Any CPU.Build.0 = Debug|Any CPU
		{9A0E62E9-01D6-466F-A5BD-795F0AC20C0C}.Release|Any CPU.ActiveCfg = Release|Any CPU
		{9A0E62E9-01D6-466F-A5BD-795F0AC20C0C}.Release|Any CPU.Build.0 = Release|Any CPU
	EndGlobalSection
	GlobalSection(SolutionProperties) = preSolution
		HideSolutionNode = FALSE
	EndGlobalSection
	GlobalSection(ExtensibilityGlobals) = postSolution
		SolutionGuid = {EF427001-BB89-4B22-B0C8-14B6AA24F39C}
	EndGlobalSection
EndGlobal
